
Microsoft Visual Studio Solution File, Format Version 12.00
# Visual Studio 15
VisualStudioVersion = 15.0.28307.539
MinimumVisualStudioVersion = 10.0.40219.1
Project("{FAE04EC0-301F-11D3-BF4B-00C04F79EFBC}") = "BlackJack.Web", "BlackJack.Web\BlackJack.Web.csproj", "{E0D3BABA-B280-4C49-B112-5226E2C13AB7}"
EndProject
Project("{FAE04EC0-301F-11D3-BF4B-00C04F79EFBC}") = "BlackJack.Shared", "BlackJack.Shared\BlackJack.Shared.csproj", "{8E1203C7-674B-48B3-B34E-EC5E30FBF200}"
EndProject
Project("{FAE04EC0-301F-11D3-BF4B-00C04F79EFBC}") = "BlackJack.DataAccess", "BlackJack.DataAccess\BlackJack.DataAccess.csproj", "{37692B95-1ACF-4FF3-B84C-264861E7939D}"
EndProject
Project("{FAE04EC0-301F-11D3-BF4B-00C04F79EFBC}") = "BlackJack.Services", "BlackJack.Services\BlackJack.Services.csproj", "{C60351A5-EA8C-4F5A-A7E4-BBB5C7217709}"
EndProject
Global
	GlobalSection(SolutionConfigurationPlatforms) = preSolution
		Debug|Any CPU = Debug|Any CPU
		Release|Any CPU = Release|Any CPU
	EndGlobalSection
	GlobalSection(ProjectConfigurationPlatforms) = postSolution
		{E0D3BABA-B280-4C49-B112-5226E2C13AB7}.Debug|Any CPU.ActiveCfg = Debug|Any CPU
		{E0D3BABA-B280-4C49-B112-5226E2C13AB7}.Debug|Any CPU.Build.0 = Debug|Any CPU
		{E0D3BABA-B280-4C49-B112-5226E2C13AB7}.Release|Any CPU.ActiveCfg = Release|Any CPU
		{E0D3BABA-B280-4C49-B112-5226E2C13AB7}.Release|Any CPU.Build.0 = Release|Any CPU
		{8E1203C7-674B-48B3-B34E-EC5E30FBF200}.Debug|Any CPU.ActiveCfg = Debug|Any CPU
		{8E1203C7-674B-48B3-B34E-EC5E30FBF200}.Debug|Any CPU.Build.0 = Debug|Any CPU
		{8E1203C7-674B-48B3-B34E-EC5E30FBF200}.Release|Any CPU.ActiveCfg = Release|Any CPU
		{8E1203C7-674B-48B3-B34E-EC5E30FBF200}.Release|Any CPU.Build.0 = Release|Any CPU
		{37692B95-1ACF-4FF3-B84C-264861E7939D}.Debug|Any CPU.ActiveCfg = Debug|Any CPU
		{37692B95-1ACF-4FF3-B84C-264861E7939D}.Debug|Any CPU.Build.0 = Debug|Any CPU
		{37692B95-1ACF-4FF3-B84C-264861E7939D}.Release|Any CPU.ActiveCfg = Release|Any CPU
		{37692B95-1ACF-4FF3-B84C-264861E7939D}.Release|Any CPU.Build.0 = Release|Any CPU
		{C60351A5-EA8C-4F5A-A7E4-BBB5C7217709}.Debug|Any CPU.ActiveCfg = Debug|Any CPU
		{C60351A5-EA8C-4F5A-A7E4-BBB5C7217709}.Debug|Any CPU.Build.0 = Debug|Any CPU
		{C60351A5-EA8C-4F5A-A7E4-BBB5C7217709}.Release|Any CPU.ActiveCfg = Release|Any CPU
		{C60351A5-EA8C-4F5A-A7E4-BBB5C7217709}.Release|Any CPU.Build.0 = Release|Any CPU
	EndGlobalSection
	GlobalSection(SolutionProperties) = preSolution
		HideSolutionNode = FALSE
	EndGlobalSection
	GlobalSection(ExtensibilityGlobals) = postSolution
		SolutionGuid = {00CE950A-FBD6-4401-AD39-CB9069E97594}
	EndGlobalSection
EndGlobal
